// !$*UTF8*$!
{
	archiveVersion = 1;
	classes = {
	};
	objectVersion = 48;
	objects = {

/* Begin PBXBuildFile section */
		A66541F31D4B87025B45568C /* Pods_Trip_Planner.framework in Frameworks */ = {isa = PBXBuildFile; fileRef = 511E6935C9E7B8B96EEA9D4B /* Pods_Trip_Planner.framework */; };
		C491133D21BBCBE0B0E4C6FA /* Pods_Trip_PlannerTests.framework in Frameworks */ = {isa = PBXBuildFile; fileRef = 36293B72A4B1AD2C3E7A5265 /* Pods_Trip_PlannerTests.framework */; };
		E91C6A962033E2180031F701 /* AppDelegate.swift in Sources */ = {isa = PBXBuildFile; fileRef = E91C6A952033E2180031F701 /* AppDelegate.swift */; };
		E91C6A9D2033E2180031F701 /* Main.storyboard in Resources */ = {isa = PBXBuildFile; fileRef = E91C6A9B2033E2180031F701 /* Main.storyboard */; };
		E91C6A9F2033E2180031F701 /* Assets.xcassets in Resources */ = {isa = PBXBuildFile; fileRef = E91C6A9E2033E2180031F701 /* Assets.xcassets */; };
		E91C6AA22033E2180031F701 /* LaunchScreen.storyboard in Resources */ = {isa = PBXBuildFile; fileRef = E91C6AA02033E2180031F701 /* LaunchScreen.storyboard */; };
		E91C6AAD2033E2180031F701 /* Trip_PlannerTests.swift in Sources */ = {isa = PBXBuildFile; fileRef = E91C6AAC2033E2180031F701 /* Trip_PlannerTests.swift */; };
		E91C6AB92033E3C10031F701 /* Login.storyboard in Resources */ = {isa = PBXBuildFile; fileRef = E91C6AB82033E3C10031F701 /* Login.storyboard */; };
		E91C6ABD2033E9980031F701 /* LoginViewController.swift in Sources */ = {isa = PBXBuildFile; fileRef = E91C6ABC2033E9980031F701 /* LoginViewController.swift */; };
		E91C6ABF2033E9A70031F701 /* LoginViewModel.swift in Sources */ = {isa = PBXBuildFile; fileRef = E91C6ABE2033E9A70031F701 /* LoginViewModel.swift */; };
		E91C6AC12033E9DD0031F701 /* LoginViewModel+Moya.swift in Sources */ = {isa = PBXBuildFile; fileRef = E91C6AC02033E9DD0031F701 /* LoginViewModel+Moya.swift */; };
		E91C6AC32033FDB60031F701 /* PersistanceStack.swift in Sources */ = {isa = PBXBuildFile; fileRef = E91C6AC22033FDB60031F701 /* PersistanceStack.swift */; };
		E977641B203F88D000D95FBE /* UniversalExtentions.swift in Sources */ = {isa = PBXBuildFile; fileRef = E977641A203F88D000D95FBE /* UniversalExtentions.swift */; };
		E9BA8FDD2034C94C009CBE24 /* App+UIStoryboard.swift in Sources */ = {isa = PBXBuildFile; fileRef = E9BA8FDC2034C94C009CBE24 /* App+UIStoryboard.swift */; };
		E9BA8FE02034CABB009CBE24 /* ProfileViewController.swift in Sources */ = {isa = PBXBuildFile; fileRef = E9BA8FDF2034CABB009CBE24 /* ProfileViewController.swift */; };
		E9BA8FE32034CFAF009CBE24 /* TPUser.swift in Sources */ = {isa = PBXBuildFile; fileRef = E9BA8FE22034CFAF009CBE24 /* TPUser.swift */; };
		E9BA8FE52034D911009CBE24 /* ProfileViewModel.swift in Sources */ = {isa = PBXBuildFile; fileRef = E9BA8FE42034D911009CBE24 /* ProfileViewModel.swift */; };
		E9BA8FE72034E437009CBE24 /* ProfileViewModel+Moya.swift in Sources */ = {isa = PBXBuildFile; fileRef = E9BA8FE62034E437009CBE24 /* ProfileViewModel+Moya.swift */; };
		E9E5E6622039093300628876 /* TripsViewModel.swift in Sources */ = {isa = PBXBuildFile; fileRef = E9E5E6612039093300628876 /* TripsViewModel.swift */; };
		E9E5E66420390D7700628876 /* TripsViewModel+Moya.swift in Sources */ = {isa = PBXBuildFile; fileRef = E9E5E66320390D7700628876 /* TripsViewModel+Moya.swift */; };
		E9E5E666203A128900628876 /* TPTrip.swift in Sources */ = {isa = PBXBuildFile; fileRef = E9E5E665203A128900628876 /* TPTrip.swift */; };
		E9E5E668203A16AA00628876 /* TripsTableViewController.swift in Sources */ = {isa = PBXBuildFile; fileRef = E9E5E667203A16AA00628876 /* TripsTableViewController.swift */; };
		E9E5E66A203BCAC000628876 /* TripEditorTableViewController.swift in Sources */ = {isa = PBXBuildFile; fileRef = E9E5E669203BCAC000628876 /* TripEditorTableViewController.swift */; };
		E9E5E66D203BDAD600628876 /* TripDetailedViewController.swift in Sources */ = {isa = PBXBuildFile; fileRef = E9E5E66C203BDAD600628876 /* TripDetailedViewController.swift */; };
/* End PBXBuildFile section */

/* Begin PBXContainerItemProxy section */
		E91C6AA92033E2180031F701 /* PBXContainerItemProxy */ = {
			isa = PBXContainerItemProxy;
			containerPortal = E91C6A8A2033E2180031F701 /* Project object */;
			proxyType = 1;
			remoteGlobalIDString = E91C6A912033E2180031F701;
			remoteInfo = "Trip-Planner";
		};
/* End PBXContainerItemProxy section */

/* Begin PBXFileReference section */
		2BC72F21D3C3E9DA5F19CCCA /* Pods-Trip-Planner.debug.xcconfig */ = {isa = PBXFileReference; includeInIndex = 1; lastKnownFileType = text.xcconfig; name = "Pods-Trip-Planner.debug.xcconfig"; path = "Pods/Target Support Files/Pods-Trip-Planner/Pods-Trip-Planner.debug.xcconfig"; sourceTree = "<group>"; };
		36293B72A4B1AD2C3E7A5265 /* Pods_Trip_PlannerTests.framework */ = {isa = PBXFileReference; explicitFileType = wrapper.framework; includeInIndex = 0; path = Pods_Trip_PlannerTests.framework; sourceTree = BUILT_PRODUCTS_DIR; };
		511E6935C9E7B8B96EEA9D4B /* Pods_Trip_Planner.framework */ = {isa = PBXFileReference; explicitFileType = wrapper.framework; includeInIndex = 0; path = Pods_Trip_Planner.framework; sourceTree = BUILT_PRODUCTS_DIR; };
		8B091E83011C60BEA1DFC0A9 /* Pods-Trip-PlannerTests.release.xcconfig */ = {isa = PBXFileReference; includeInIndex = 1; lastKnownFileType = text.xcconfig; name = "Pods-Trip-PlannerTests.release.xcconfig"; path = "Pods/Target Support Files/Pods-Trip-PlannerTests/Pods-Trip-PlannerTests.release.xcconfig"; sourceTree = "<group>"; };
		A4FF57BC3BB265002A462CB2 /* Pods-Trip-PlannerTests.debug.xcconfig */ = {isa = PBXFileReference; includeInIndex = 1; lastKnownFileType = text.xcconfig; name = "Pods-Trip-PlannerTests.debug.xcconfig"; path = "Pods/Target Support Files/Pods-Trip-PlannerTests/Pods-Trip-PlannerTests.debug.xcconfig"; sourceTree = "<group>"; };
		A79B6F57BDA1B12273B2C591 /* Pods-Trip-Planner.release.xcconfig */ = {isa = PBXFileReference; includeInIndex = 1; lastKnownFileType = text.xcconfig; name = "Pods-Trip-Planner.release.xcconfig"; path = "Pods/Target Support Files/Pods-Trip-Planner/Pods-Trip-Planner.release.xcconfig"; sourceTree = "<group>"; };
		E91C6A922033E2180031F701 /* Trip-Planner.app */ = {isa = PBXFileReference; explicitFileType = wrapper.application; includeInIndex = 0; path = "Trip-Planner.app"; sourceTree = BUILT_PRODUCTS_DIR; };
		E91C6A952033E2180031F701 /* AppDelegate.swift */ = {isa = PBXFileReference; lastKnownFileType = sourcecode.swift; path = AppDelegate.swift; sourceTree = "<group>"; };
		E91C6A9C2033E2180031F701 /* Base */ = {isa = PBXFileReference; lastKnownFileType = file.storyboard; name = Base; path = Base.lproj/Main.storyboard; sourceTree = "<group>"; };
		E91C6A9E2033E2180031F701 /* Assets.xcassets */ = {isa = PBXFileReference; lastKnownFileType = folder.assetcatalog; path = Assets.xcassets; sourceTree = "<group>"; };
		E91C6AA12033E2180031F701 /* Base */ = {isa = PBXFileReference; lastKnownFileType = file.storyboard; name = Base; path = Base.lproj/LaunchScreen.storyboard; sourceTree = "<group>"; };
		E91C6AA32033E2180031F701 /* Info.plist */ = {isa = PBXFileReference; lastKnownFileType = text.plist.xml; path = Info.plist; sourceTree = "<group>"; };
		E91C6AA82033E2180031F701 /* Trip-PlannerTests.xctest */ = {isa = PBXFileReference; explicitFileType = wrapper.cfbundle; includeInIndex = 0; path = "Trip-PlannerTests.xctest"; sourceTree = BUILT_PRODUCTS_DIR; };
		E91C6AAC2033E2180031F701 /* Trip_PlannerTests.swift */ = {isa = PBXFileReference; lastKnownFileType = sourcecode.swift; path = Trip_PlannerTests.swift; sourceTree = "<group>"; };
		E91C6AAE2033E2180031F701 /* Info.plist */ = {isa = PBXFileReference; lastKnownFileType = text.plist.xml; path = Info.plist; sourceTree = "<group>"; };
		E91C6AB82033E3C10031F701 /* Login.storyboard */ = {isa = PBXFileReference; lastKnownFileType = file.storyboard; path = Login.storyboard; sourceTree = "<group>"; };
		E91C6ABC2033E9980031F701 /* LoginViewController.swift */ = {isa = PBXFileReference; lastKnownFileType = sourcecode.swift; path = LoginViewController.swift; sourceTree = "<group>"; };
		E91C6ABE2033E9A70031F701 /* LoginViewModel.swift */ = {isa = PBXFileReference; lastKnownFileType = sourcecode.swift; path = LoginViewModel.swift; sourceTree = "<group>"; };
		E91C6AC02033E9DD0031F701 /* LoginViewModel+Moya.swift */ = {isa = PBXFileReference; lastKnownFileType = sourcecode.swift; path = "LoginViewModel+Moya.swift"; sourceTree = "<group>"; };
		E91C6AC22033FDB60031F701 /* PersistanceStack.swift */ = {isa = PBXFileReference; lastKnownFileType = sourcecode.swift; path = PersistanceStack.swift; sourceTree = "<group>"; };
		E977641A203F88D000D95FBE /* UniversalExtentions.swift */ = {isa = PBXFileReference; fileEncoding = 4; lastKnownFileType = sourcecode.swift; name = UniversalExtentions.swift; path = "../../../../../../Developer/My Projects/Swift Source Files/UniversalExtentions.swift"; sourceTree = "<group>"; };
		E9BA8FDC2034C94C009CBE24 /* App+UIStoryboard.swift */ = {isa = PBXFileReference; lastKnownFileType = sourcecode.swift; path = "App+UIStoryboard.swift"; sourceTree = "<group>"; };
		E9BA8FDF2034CABB009CBE24 /* ProfileViewController.swift */ = {isa = PBXFileReference; lastKnownFileType = sourcecode.swift; path = ProfileViewController.swift; sourceTree = "<group>"; };
		E9BA8FE22034CFAF009CBE24 /* TPUser.swift */ = {isa = PBXFileReference; lastKnownFileType = sourcecode.swift; path = TPUser.swift; sourceTree = "<group>"; };
		E9BA8FE42034D911009CBE24 /* ProfileViewModel.swift */ = {isa = PBXFileReference; lastKnownFileType = sourcecode.swift; path = ProfileViewModel.swift; sourceTree = "<group>"; };
		E9BA8FE62034E437009CBE24 /* ProfileViewModel+Moya.swift */ = {isa = PBXFileReference; lastKnownFileType = sourcecode.swift; path = "ProfileViewModel+Moya.swift"; sourceTree = "<group>"; };
		E9E5E6612039093300628876 /* TripsViewModel.swift */ = {isa = PBXFileReference; lastKnownFileType = sourcecode.swift; path = TripsViewModel.swift; sourceTree = "<group>"; };
		E9E5E66320390D7700628876 /* TripsViewModel+Moya.swift */ = {isa = PBXFileReference; lastKnownFileType = sourcecode.swift; path = "TripsViewModel+Moya.swift"; sourceTree = "<group>"; };
		E9E5E665203A128900628876 /* TPTrip.swift */ = {isa = PBXFileReference; lastKnownFileType = sourcecode.swift; path = TPTrip.swift; sourceTree = "<group>"; };
		E9E5E667203A16AA00628876 /* TripsTableViewController.swift */ = {isa = PBXFileReference; lastKnownFileType = sourcecode.swift; path = TripsTableViewController.swift; sourceTree = "<group>"; };
		E9E5E669203BCAC000628876 /* TripEditorTableViewController.swift */ = {isa = PBXFileReference; lastKnownFileType = sourcecode.swift; path = TripEditorTableViewController.swift; sourceTree = "<group>"; };
		E9E5E66C203BDAD600628876 /* TripDetailedViewController.swift */ = {isa = PBXFileReference; lastKnownFileType = sourcecode.swift; path = TripDetailedViewController.swift; sourceTree = "<group>"; };
/* End PBXFileReference section */

/* Begin PBXFrameworksBuildPhase section */
		E91C6A8F2033E2180031F701 /* Frameworks */ = {
			isa = PBXFrameworksBuildPhase;
			buildActionMask = 2147483647;
			files = (
				A66541F31D4B87025B45568C /* Pods_Trip_Planner.framework in Frameworks */,
			);
			runOnlyForDeploymentPostprocessing = 0;
		};
		E91C6AA52033E2180031F701 /* Frameworks */ = {
			isa = PBXFrameworksBuildPhase;
			buildActionMask = 2147483647;
			files = (
				C491133D21BBCBE0B0E4C6FA /* Pods_Trip_PlannerTests.framework in Frameworks */,
			);
			runOnlyForDeploymentPostprocessing = 0;
		};
/* End PBXFrameworksBuildPhase section */

/* Begin PBXGroup section */
		4A6E1F2BDC891C67A17C9824 /* Frameworks */ = {
			isa = PBXGroup;
			children = (
				511E6935C9E7B8B96EEA9D4B /* Pods_Trip_Planner.framework */,
				36293B72A4B1AD2C3E7A5265 /* Pods_Trip_PlannerTests.framework */,
			);
			name = Frameworks;
			sourceTree = "<group>";
		};
		E91C6A892033E2180031F701 = {
			isa = PBXGroup;
			children = (
				E91C6A942033E2180031F701 /* Trip-Planner */,
				E91C6AAB2033E2180031F701 /* Trip-PlannerTests */,
				E91C6A932033E2180031F701 /* Products */,
				EEF21C8843D1D8F564ABC68E /* Pods */,
				4A6E1F2BDC891C67A17C9824 /* Frameworks */,
			);
			sourceTree = "<group>";
		};
		E91C6A932033E2180031F701 /* Products */ = {
			isa = PBXGroup;
			children = (
				E91C6A922033E2180031F701 /* Trip-Planner.app */,
				E91C6AA82033E2180031F701 /* Trip-PlannerTests.xctest */,
			);
			name = Products;
			sourceTree = "<group>";
		};
		E91C6A942033E2180031F701 /* Trip-Planner */ = {
			isa = PBXGroup;
			children = (
				E9BA8FE12034CFA1009CBE24 /* Models */,
				E91C6A952033E2180031F701 /* AppDelegate.swift */,
				E9BA8FDE2034CA0F009CBE24 /* Trips */,
				E9E5E6602039091C00628876 /* Profile */,
				E91C6A9B2033E2180031F701 /* Main.storyboard */,
				E91C6ABB2033E3CC0031F701 /* Login */,
				E91C6AB72033E3960031F701 /* Supporting Files */,
				E91C6AC22033FDB60031F701 /* PersistanceStack.swift */,
			);
			path = "Trip-Planner";
			sourceTree = "<group>";
		};
		E91C6AAB2033E2180031F701 /* Trip-PlannerTests */ = {
			isa = PBXGroup;
			children = (
				E91C6AAC2033E2180031F701 /* Trip_PlannerTests.swift */,
				E91C6AAE2033E2180031F701 /* Info.plist */,
			);
			path = "Trip-PlannerTests";
			sourceTree = "<group>";
		};
		E91C6AB72033E3960031F701 /* Supporting Files */ = {
			isa = PBXGroup;
			children = (
				E977641A203F88D000D95FBE /* UniversalExtentions.swift */,
				E91C6A9E2033E2180031F701 /* Assets.xcassets */,
				E91C6AA02033E2180031F701 /* LaunchScreen.storyboard */,
				E91C6AA32033E2180031F701 /* Info.plist */,
				E9BA8FDC2034C94C009CBE24 /* App+UIStoryboard.swift */,
			);
			name = "Supporting Files";
			sourceTree = "<group>";
		};
		E91C6ABB2033E3CC0031F701 /* Login */ = {
			isa = PBXGroup;
			children = (
				E91C6ABE2033E9A70031F701 /* LoginViewModel.swift */,
				E91C6AC02033E9DD0031F701 /* LoginViewModel+Moya.swift */,
				E91C6ABC2033E9980031F701 /* LoginViewController.swift */,
				E91C6AB82033E3C10031F701 /* Login.storyboard */,
			);
			name = Login;
			sourceTree = "<group>";
		};
		E9BA8FDE2034CA0F009CBE24 /* Trips */ = {
			isa = PBXGroup;
			children = (
				E9E5E6612039093300628876 /* TripsViewModel.swift */,
				E9E5E66320390D7700628876 /* TripsViewModel+Moya.swift */,
				E9E5E667203A16AA00628876 /* TripsTableViewController.swift */,
				E9E5E66B203BCAC400628876 /* Detailed VC */,
			);
			name = Trips;
			sourceTree = "<group>";
		};
		E9BA8FE12034CFA1009CBE24 /* Models */ = {
			isa = PBXGroup;
			children = (
				E9BA8FE22034CFAF009CBE24 /* TPUser.swift */,
				E9E5E665203A128900628876 /* TPTrip.swift */,
			);
			name = Models;
			sourceTree = "<group>";
		};
		E9E5E6602039091C00628876 /* Profile */ = {
			isa = PBXGroup;
			children = (
				E9BA8FE42034D911009CBE24 /* ProfileViewModel.swift */,
				E9BA8FE62034E437009CBE24 /* ProfileViewModel+Moya.swift */,
				E9BA8FDF2034CABB009CBE24 /* ProfileViewController.swift */,
			);
			name = Profile;
			sourceTree = "<group>";
		};
		E9E5E66B203BCAC400628876 /* Detailed VC */ = {
			isa = PBXGroup;
			children = (
				E9E5E66C203BDAD600628876 /* TripDetailedViewController.swift */,
				E9E5E669203BCAC000628876 /* TripEditorTableViewController.swift */,
			);
			name = "Detailed VC";
			sourceTree = "<group>";
		};
		EEF21C8843D1D8F564ABC68E /* Pods */ = {
			isa = PBXGroup;
			children = (
				2BC72F21D3C3E9DA5F19CCCA /* Pods-Trip-Planner.debug.xcconfig */,
				A79B6F57BDA1B12273B2C591 /* Pods-Trip-Planner.release.xcconfig */,
				A4FF57BC3BB265002A462CB2 /* Pods-Trip-PlannerTests.debug.xcconfig */,
				8B091E83011C60BEA1DFC0A9 /* Pods-Trip-PlannerTests.release.xcconfig */,
			);
			name = Pods;
			sourceTree = "<group>";
		};
/* End PBXGroup section */

/* Begin PBXNativeTarget section */
		E91C6A912033E2180031F701 /* Trip-Planner */ = {
			isa = PBXNativeTarget;
			buildConfigurationList = E91C6AB12033E2180031F701 /* Build configuration list for PBXNativeTarget "Trip-Planner" */;
			buildPhases = (
				D17585AF74A15158535E8F47 /* [CP] Check Pods Manifest.lock */,
				E91C6A8E2033E2180031F701 /* Sources */,
				E91C6A8F2033E2180031F701 /* Frameworks */,
				E91C6A902033E2180031F701 /* Resources */,
				8D323A5EE1A89CC1F2C0DED5 /* [CP] Embed Pods Frameworks */,
				9E26EA4FDABB3CFD7B07DF59 /* [CP] Copy Pods Resources */,
			);
			buildRules = (
			);
			dependencies = (
			);
			name = "Trip-Planner";
			productName = "Trip-Planner";
			productReference = E91C6A922033E2180031F701 /* Trip-Planner.app */;
			productType = "com.apple.product-type.application";
		};
		E91C6AA72033E2180031F701 /* Trip-PlannerTests */ = {
			isa = PBXNativeTarget;
			buildConfigurationList = E91C6AB42033E2180031F701 /* Build configuration list for PBXNativeTarget "Trip-PlannerTests" */;
			buildPhases = (
				309EB931661E356BC9418ADA /* [CP] Check Pods Manifest.lock */,
				E91C6AA42033E2180031F701 /* Sources */,
				E91C6AA52033E2180031F701 /* Frameworks */,
				E91C6AA62033E2180031F701 /* Resources */,
				40F9F75E98E5BC0393156E23 /* [CP] Embed Pods Frameworks */,
				DFF3C34281865012001D2A91 /* [CP] Copy Pods Resources */,
			);
			buildRules = (
			);
			dependencies = (
				E91C6AAA2033E2180031F701 /* PBXTargetDependency */,
			);
			name = "Trip-PlannerTests";
			productName = "Trip-PlannerTests";
			productReference = E91C6AA82033E2180031F701 /* Trip-PlannerTests.xctest */;
			productType = "com.apple.product-type.bundle.unit-test";
		};
/* End PBXNativeTarget section */

/* Begin PBXProject section */
		E91C6A8A2033E2180031F701 /* Project object */ = {
			isa = PBXProject;
			attributes = {
				LastSwiftUpdateCheck = 0920;
				LastUpgradeCheck = 0920;
				ORGANIZATIONNAME = LinnierGames;
				TargetAttributes = {
					E91C6A912033E2180031F701 = {
						CreatedOnToolsVersion = 9.2;
						ProvisioningStyle = Automatic;
					};
					E91C6AA72033E2180031F701 = {
						CreatedOnToolsVersion = 9.2;
						ProvisioningStyle = Automatic;
						TestTargetID = E91C6A912033E2180031F701;
					};
				};
			};
			buildConfigurationList = E91C6A8D2033E2180031F701 /* Build configuration list for PBXProject "Trip-Planner" */;
			compatibilityVersion = "Xcode 8.0";
			developmentRegion = en;
			hasScannedForEncodings = 0;
			knownRegions = (
				en,
				Base,
			);
			mainGroup = E91C6A892033E2180031F701;
			productRefGroup = E91C6A932033E2180031F701 /* Products */;
			projectDirPath = "";
			projectRoot = "";
			targets = (
				E91C6A912033E2180031F701 /* Trip-Planner */,
				E91C6AA72033E2180031F701 /* Trip-PlannerTests */,
			);
		};
/* End PBXProject section */

/* Begin PBXResourcesBuildPhase section */
		E91C6A902033E2180031F701 /* Resources */ = {
			isa = PBXResourcesBuildPhase;
			buildActionMask = 2147483647;
			files = (
				E91C6AB92033E3C10031F701 /* Login.storyboard in Resources */,
				E91C6AA22033E2180031F701 /* LaunchScreen.storyboard in Resources */,
				E91C6A9F2033E2180031F701 /* Assets.xcassets in Resources */,
				E91C6A9D2033E2180031F701 /* Main.storyboard in Resources */,
			);
			runOnlyForDeploymentPostprocessing = 0;
		};
		E91C6AA62033E2180031F701 /* Resources */ = {
			isa = PBXResourcesBuildPhase;
			buildActionMask = 2147483647;
			files = (
			);
			runOnlyForDeploymentPostprocessing = 0;
		};
/* End PBXResourcesBuildPhase section */

/* Begin PBXShellScriptBuildPhase section */
		309EB931661E356BC9418ADA /* [CP] Check Pods Manifest.lock */ = {
			isa = PBXShellScriptBuildPhase;
			buildActionMask = 2147483647;
			files = (
			);
			inputPaths = (
				"${PODS_PODFILE_DIR_PATH}/Podfile.lock",
				"${PODS_ROOT}/Manifest.lock",
			);
			name = "[CP] Check Pods Manifest.lock";
			outputPaths = (
				"$(DERIVED_FILE_DIR)/Pods-Trip-PlannerTests-checkManifestLockResult.txt",
			);
			runOnlyForDeploymentPostprocessing = 0;
			shellPath = /bin/sh;
			shellScript = "diff \"${PODS_PODFILE_DIR_PATH}/Podfile.lock\" \"${PODS_ROOT}/Manifest.lock\" > /dev/null\nif [ $? != 0 ] ; then\n    # print error to STDERR\n    echo \"error: The sandbox is not in sync with the Podfile.lock. Run 'pod install' or update your CocoaPods installation.\" >&2\n    exit 1\nfi\n# This output is used by Xcode 'outputs' to avoid re-running this script phase.\necho \"SUCCESS\" > \"${SCRIPT_OUTPUT_FILE_0}\"\n";
			showEnvVarsInLog = 0;
		};
		40F9F75E98E5BC0393156E23 /* [CP] Embed Pods Frameworks */ = {
			isa = PBXShellScriptBuildPhase;
			buildActionMask = 2147483647;
			files = (
			);
			inputPaths = (
				"${SRCROOT}/Pods/Target Support Files/Pods-Trip-PlannerTests/Pods-Trip-PlannerTests-frameworks.sh",
				"${BUILT_PRODUCTS_DIR}/Nimble/Nimble.framework",
				"${BUILT_PRODUCTS_DIR}/Quick/Quick.framework",
			);
			name = "[CP] Embed Pods Frameworks";
			outputPaths = (
				"${TARGET_BUILD_DIR}/${FRAMEWORKS_FOLDER_PATH}/Nimble.framework",
				"${TARGET_BUILD_DIR}/${FRAMEWORKS_FOLDER_PATH}/Quick.framework",
			);
			runOnlyForDeploymentPostprocessing = 0;
			shellPath = /bin/sh;
			shellScript = "\"${SRCROOT}/Pods/Target Support Files/Pods-Trip-PlannerTests/Pods-Trip-PlannerTests-frameworks.sh\"\n";
			showEnvVarsInLog = 0;
		};
		8D323A5EE1A89CC1F2C0DED5 /* [CP] Embed Pods Frameworks */ = {
			isa = PBXShellScriptBuildPhase;
			buildActionMask = 2147483647;
			files = (
			);
			inputPaths = (
				"${SRCROOT}/Pods/Target Support Files/Pods-Trip-Planner/Pods-Trip-Planner-frameworks.sh",
				"${BUILT_PRODUCTS_DIR}/Alamofire/Alamofire.framework",
				"${BUILT_PRODUCTS_DIR}/KeychainSwift/KeychainSwift.framework",
				"${BUILT_PRODUCTS_DIR}/Kingfisher/Kingfisher.framework",
				"${BUILT_PRODUCTS_DIR}/Moya/Moya.framework",
				"${BUILT_PRODUCTS_DIR}/NextResponderTextField/NextResponderTextField.framework",
				"${BUILT_PRODUCTS_DIR}/Result/Result.framework",
				"${BUILT_PRODUCTS_DIR}/RxCocoa/RxCocoa.framework",
				"${BUILT_PRODUCTS_DIR}/RxSwift/RxSwift.framework",
				"${BUILT_PRODUCTS_DIR}/SwiftyJSON/SwiftyJSON.framework",
			);
			name = "[CP] Embed Pods Frameworks";
			outputPaths = (
				"${TARGET_BUILD_DIR}/${FRAMEWORKS_FOLDER_PATH}/Alamofire.framework",
				"${TARGET_BUILD_DIR}/${FRAMEWORKS_FOLDER_PATH}/KeychainSwift.framework",
				"${TARGET_BUILD_DIR}/${FRAMEWORKS_FOLDER_PATH}/Kingfisher.framework",
				"${TARGET_BUILD_DIR}/${FRAMEWORKS_FOLDER_PATH}/Moya.framework",
				"${TARGET_BUILD_DIR}/${FRAMEWORKS_FOLDER_PATH}/NextResponderTextField.framework",
				"${TARGET_BUILD_DIR}/${FRAMEWORKS_FOLDER_PATH}/Result.framework",
				"${TARGET_BUILD_DIR}/${FRAMEWORKS_FOLDER_PATH}/RxCocoa.framework",
				"${TARGET_BUILD_DIR}/${FRAMEWORKS_FOLDER_PATH}/RxSwift.framework",
				"${TARGET_BUILD_DIR}/${FRAMEWORKS_FOLDER_PATH}/SwiftyJSON.framework",
			);
			runOnlyForDeploymentPostprocessing = 0;
			shellPath = /bin/sh;
			shellScript = "\"${SRCROOT}/Pods/Target Support Files/Pods-Trip-Planner/Pods-Trip-Planner-frameworks.sh\"\n";
			showEnvVarsInLog = 0;
		};
		9E26EA4FDABB3CFD7B07DF59 /* [CP] Copy Pods Resources */ = {
			isa = PBXShellScriptBuildPhase;
			buildActionMask = 2147483647;
			files = (
			);
			inputPaths = (
			);
			name = "[CP] Copy Pods Resources";
			outputPaths = (
			);
			runOnlyForDeploymentPostprocessing = 0;
			shellPath = /bin/sh;
			shellScript = "\"${SRCROOT}/Pods/Target Support Files/Pods-Trip-Planner/Pods-Trip-Planner-resources.sh\"\n";
			showEnvVarsInLog = 0;
		};
		D17585AF74A15158535E8F47 /* [CP] Check Pods Manifest.lock */ = {
			isa = PBXShellScriptBuildPhase;
			buildActionMask = 2147483647;
			files = (
			);
			inputPaths = (
				"${PODS_PODFILE_DIR_PATH}/Podfile.lock",
				"${PODS_ROOT}/Manifest.lock",
			);
			name = "[CP] Check Pods Manifest.lock";
			outputPaths = (
				"$(DERIVED_FILE_DIR)/Pods-Trip-Planner-checkManifestLockResult.txt",
			);
			runOnlyForDeploymentPostprocessing = 0;
			shellPath = /bin/sh;
			shellScript = "diff \"${PODS_PODFILE_DIR_PATH}/Podfile.lock\" \"${PODS_ROOT}/Manifest.lock\" > /dev/null\nif [ $? != 0 ] ; then\n    # print error to STDERR\n    echo \"error: The sandbox is not in sync with the Podfile.lock. Run 'pod install' or update your CocoaPods installation.\" >&2\n    exit 1\nfi\n# This output is used by Xcode 'outputs' to avoid re-running this script phase.\necho \"SUCCESS\" > \"${SCRIPT_OUTPUT_FILE_0}\"\n";
			showEnvVarsInLog = 0;
		};
		DFF3C34281865012001D2A91 /* [CP] Copy Pods Resources */ = {
			isa = PBXShellScriptBuildPhase;
			buildActionMask = 2147483647;
			files = (
			);
			inputPaths = (
			);
			name = "[CP] Copy Pods Resources";
			outputPaths = (
			);
			runOnlyForDeploymentPostprocessing = 0;
			shellPath = /bin/sh;
			shellScript = "\"${SRCROOT}/Pods/Target Support Files/Pods-Trip-PlannerTests/Pods-Trip-PlannerTests-resources.sh\"\n";
			showEnvVarsInLog = 0;
		};
/* End PBXShellScriptBuildPhase section */

/* Begin PBXSourcesBuildPhase section */
		E91C6A8E2033E2180031F701 /* Sources */ = {
			isa = PBXSourcesBuildPhase;
			buildActionMask = 2147483647;
			files = (
				E9E5E666203A128900628876 /* TPTrip.swift in Sources */,
				E91C6ABD2033E9980031F701 /* LoginViewController.swift in Sources */,
				E91C6A962033E2180031F701 /* AppDelegate.swift in Sources */,
				E9BA8FDD2034C94C009CBE24 /* App+UIStoryboard.swift in Sources */,
				E9E5E66420390D7700628876 /* TripsViewModel+Moya.swift in Sources */,
				E9BA8FE52034D911009CBE24 /* ProfileViewModel.swift in Sources */,
				E9E5E668203A16AA00628876 /* TripsTableViewController.swift in Sources */,
				E9BA8FE72034E437009CBE24 /* ProfileViewModel+Moya.swift in Sources */,
				E91C6AC32033FDB60031F701 /* PersistanceStack.swift in Sources */,
				E9E5E66A203BCAC000628876 /* TripEditorTableViewController.swift in Sources */,
				E9E5E66D203BDAD600628876 /* TripDetailedViewController.swift in Sources */,
				E9BA8FE32034CFAF009CBE24 /* TPUser.swift in Sources */,
				E9E5E6622039093300628876 /* TripsViewModel.swift in Sources */,
				E9BA8FE02034CABB009CBE24 /* ProfileViewController.swift in Sources */,
				E91C6AC12033E9DD0031F701 /* LoginViewModel+Moya.swift in Sources */,
				E91C6ABF2033E9A70031F701 /* LoginViewModel.swift in Sources */,
				E977641B203F88D000D95FBE /* UniversalExtentions.swift in Sources */,
			);
			runOnlyForDeploymentPostprocessing = 0;
		};
		E91C6AA42033E2180031F701 /* Sources */ = {
			isa = PBXSourcesBuildPhase;
			buildActionMask = 2147483647;
			files = (
				E91C6AAD2033E2180031F701 /* Trip_PlannerTests.swift in Sources */,
			);
			runOnlyForDeploymentPostprocessing = 0;
		};
/* End PBXSourcesBuildPhase section */

/* Begin PBXTargetDependency section */
		E91C6AAA2033E2180031F701 /* PBXTargetDependency */ = {
			isa = PBXTargetDependency;
			target = E91C6A912033E2180031F701 /* Trip-Planner */;
			targetProxy = E91C6AA92033E2180031F701 /* PBXContainerItemProxy */;
		};
/* End PBXTargetDependency section */

/* Begin PBXVariantGroup section */
		E91C6A9B2033E2180031F701 /* Main.storyboard */ = {
			isa = PBXVariantGroup;
			children = (
				E91C6A9C2033E2180031F701 /* Base */,
			);
			name = Main.storyboard;
			sourceTree = "<group>";
		};
		E91C6AA02033E2180031F701 /* LaunchScreen.storyboard */ = {
			isa = PBXVariantGroup;
			children = (
				E91C6AA12033E2180031F701 /* Base */,
			);
			name = LaunchScreen.storyboard;
			sourceTree = "<group>";
		};
/* End PBXVariantGroup section */

/* Begin XCBuildConfiguration section */
		E91C6AAF2033E2180031F701 /* Debug */ = {
			isa = XCBuildConfiguration;
			buildSettings = {
				ALWAYS_SEARCH_USER_PATHS = NO;
				CLANG_ANALYZER_NONNULL = YES;
				CLANG_ANALYZER_NUMBER_OBJECT_CONVERSION = YES_AGGRESSIVE;
				CLANG_CXX_LANGUAGE_STANDARD = "gnu++14";
				CLANG_CXX_LIBRARY = "libc++";
				CLANG_ENABLE_MODULES = YES;
				CLANG_ENABLE_OBJC_ARC = YES;
				CLANG_WARN_BLOCK_CAPTURE_AUTORELEASING = YES;
				CLANG_WARN_BOOL_CONVERSION = YES;
				CLANG_WARN_COMMA = YES;
				CLANG_WARN_CONSTANT_CONVERSION = YES;
				CLANG_WARN_DIRECT_OBJC_ISA_USAGE = YES_ERROR;
				CLANG_WARN_DOCUMENTATION_COMMENTS = YES;
				CLANG_WARN_EMPTY_BODY = YES;
				CLANG_WARN_ENUM_CONVERSION = YES;
				CLANG_WARN_INFINITE_RECURSION = YES;
				CLANG_WARN_INT_CONVERSION = YES;
				CLANG_WARN_NON_LITERAL_NULL_CONVERSION = YES;
				CLANG_WARN_OBJC_LITERAL_CONVERSION = YES;
				CLANG_WARN_OBJC_ROOT_CLASS = YES_ERROR;
				CLANG_WARN_RANGE_LOOP_ANALYSIS = YES;
				CLANG_WARN_STRICT_PROTOTYPES = YES;
				CLANG_WARN_SUSPICIOUS_MOVE = YES;
				CLANG_WARN_UNGUARDED_AVAILABILITY = YES_AGGRESSIVE;
				CLANG_WARN_UNREACHABLE_CODE = YES;
				CLANG_WARN__DUPLICATE_METHOD_MATCH = YES;
				CODE_SIGN_IDENTITY = "iPhone Developer";
				COPY_PHASE_STRIP = NO;
				DEBUG_INFORMATION_FORMAT = dwarf;
				ENABLE_STRICT_OBJC_MSGSEND = YES;
				ENABLE_TESTABILITY = YES;
				GCC_C_LANGUAGE_STANDARD = gnu11;
				GCC_DYNAMIC_NO_PIC = NO;
				GCC_NO_COMMON_BLOCKS = YES;
				GCC_OPTIMIZATION_LEVEL = 0;
				GCC_PREPROCESSOR_DEFINITIONS = (
					"DEBUG=1",
					"$(inherited)",
				);
				GCC_WARN_64_TO_32_BIT_CONVERSION = YES;
				GCC_WARN_ABOUT_RETURN_TYPE = YES_ERROR;
				GCC_WARN_UNDECLARED_SELECTOR = YES;
				GCC_WARN_UNINITIALIZED_AUTOS = YES_AGGRESSIVE;
				GCC_WARN_UNUSED_FUNCTION = YES;
				GCC_WARN_UNUSED_VARIABLE = YES;
				IPHONEOS_DEPLOYMENT_TARGET = 11.2;
				MTL_ENABLE_DEBUG_INFO = YES;
				ONLY_ACTIVE_ARCH = YES;
				SDKROOT = iphoneos;
				SWIFT_ACTIVE_COMPILATION_CONDITIONS = DEBUG;
				SWIFT_OPTIMIZATION_LEVEL = "-Onone";
			};
			name = Debug;
		};
		E91C6AB02033E2180031F701 /* Release */ = {
			isa = XCBuildConfiguration;
			buildSettings = {
				ALWAYS_SEARCH_USER_PATHS = NO;
				CLANG_ANALYZER_NONNULL = YES;
				CLANG_ANALYZER_NUMBER_OBJECT_CONVERSION = YES_AGGRESSIVE;
				CLANG_CXX_LANGUAGE_STANDARD = "gnu++14";
				CLANG_CXX_LIBRARY = "libc++";
				CLANG_ENABLE_MODULES = YES;
				CLANG_ENABLE_OBJC_ARC = YES;
				CLANG_WARN_BLOCK_CAPTURE_AUTORELEASING = YES;
				CLANG_WARN_BOOL_CONVERSION = YES;
				CLANG_WARN_COMMA = YES;
				CLANG_WARN_CONSTANT_CONVERSION = YES;
				CLANG_WARN_DIRECT_OBJC_ISA_USAGE = YES_ERROR;
				CLANG_WARN_DOCUMENTATION_COMMENTS = YES;
				CLANG_WARN_EMPTY_BODY = YES;
				CLANG_WARN_ENUM_CONVERSION = YES;
				CLANG_WARN_INFINITE_RECURSION = YES;
				CLANG_WARN_INT_CONVERSION = YES;
				CLANG_WARN_NON_LITERAL_NULL_CONVERSION = YES;
				CLANG_WARN_OBJC_LITERAL_CONVERSION = YES;
				CLANG_WARN_OBJC_ROOT_CLASS = YES_ERROR;
				CLANG_WARN_RANGE_LOOP_ANALYSIS = YES;
				CLANG_WARN_STRICT_PROTOTYPES = YES;
				CLANG_WARN_SUSPICIOUS_MOVE = YES;
				CLANG_WARN_UNGUARDED_AVAILABILITY = YES_AGGRESSIVE;
				CLANG_WARN_UNREACHABLE_CODE = YES;
				CLANG_WARN__DUPLICATE_METHOD_MATCH = YES;
				CODE_SIGN_IDENTITY = "iPhone Developer";
				COPY_PHASE_STRIP = NO;
				DEBUG_INFORMATION_FORMAT = "dwarf-with-dsym";
				ENABLE_NS_ASSERTIONS = NO;
				ENABLE_STRICT_OBJC_MSGSEND = YES;
				GCC_C_LANGUAGE_STANDARD = gnu11;
				GCC_NO_COMMON_BLOCKS = YES;
				GCC_WARN_64_TO_32_BIT_CONVERSION = YES;
				GCC_WARN_ABOUT_RETURN_TYPE = YES_ERROR;
				GCC_WARN_UNDECLARED_SELECTOR = YES;
				GCC_WARN_UNINITIALIZED_AUTOS = YES_AGGRESSIVE;
				GCC_WARN_UNUSED_FUNCTION = YES;
				GCC_WARN_UNUSED_VARIABLE = YES;
				IPHONEOS_DEPLOYMENT_TARGET = 11.2;
				MTL_ENABLE_DEBUG_INFO = NO;
				SDKROOT = iphoneos;
				SWIFT_OPTIMIZATION_LEVEL = "-Owholemodule";
				VALIDATE_PRODUCT = YES;
			};
			name = Release;
		};
		E91C6AB22033E2180031F701 /* Debug */ = {
			isa = XCBuildConfiguration;
			baseConfigurationReference = 2BC72F21D3C3E9DA5F19CCCA /* Pods-Trip-Planner.debug.xcconfig */;
			buildSettings = {
				ASSETCATALOG_COMPILER_APPICON_NAME = AppIcon;
				CODE_SIGN_STYLE = Automatic;
				DEVELOPMENT_TEAM = 8U3L6K9JA6;
				INFOPLIST_FILE = "Trip-Planner/Info.plist";
				LD_RUNPATH_SEARCH_PATHS = "$(inherited) @executable_path/Frameworks";
				PRODUCT_BUNDLE_IDENTIFIER = "com.linniergames.Trip-Planner";
				PRODUCT_NAME = "$(TARGET_NAME)";
				SWIFT_VERSION = 4.0;
				TARGETED_DEVICE_FAMILY = "1,2";
			};
			name = Debug;
		};
		E91C6AB32033E2180031F701 /* Release */ = {
			isa = XCBuildConfiguration;
			baseConfigurationReference = A79B6F57BDA1B12273B2C591 /* Pods-Trip-Planner.release.xcconfig */;
			buildSettings = {
				ASSETCATALOG_COMPILER_APPICON_NAME = AppIcon;
				CODE_SIGN_STYLE = Automatic;
				DEVELOPMENT_TEAM = 8U3L6K9JA6;
				INFOPLIST_FILE = "Trip-Planner/Info.plist";
				LD_RUNPATH_SEARCH_PATHS = "$(inherited) @executable_path/Frameworks";
				PRODUCT_BUNDLE_IDENTIFIER = "com.linniergames.Trip-Planner";
				PRODUCT_NAME = "$(TARGET_NAME)";
				SWIFT_VERSION = 4.0;
				TARGETED_DEVICE_FAMILY = "1,2";
			};
			name = Release;
		};
		E91C6AB52033E2180031F701 /* Debug */ = {
			isa = XCBuildConfiguration;
			baseConfigurationReference = A4FF57BC3BB265002A462CB2 /* Pods-Trip-PlannerTests.debug.xcconfig */;
			buildSettings = {
				ALWAYS_EMBED_SWIFT_STANDARD_LIBRARIES = YES;
				BUNDLE_LOADER = "$(TEST_HOST)";
				CODE_SIGN_STYLE = Automatic;
				DEVELOPMENT_TEAM = 8U3L6K9JA6;
				INFOPLIST_FILE = "Trip-PlannerTests/Info.plist";
				LD_RUNPATH_SEARCH_PATHS = "$(inherited) @executable_path/Frameworks @loader_path/Frameworks";
				PRODUCT_BUNDLE_IDENTIFIER = "com.linniergames.Trip-PlannerTests";
				PRODUCT_NAME = "$(TARGET_NAME)";
				SWIFT_VERSION = 4.0;
				TARGETED_DEVICE_FAMILY = "1,2";
				TEST_HOST = "$(BUILT_PRODUCTS_DIR)/Trip-Planner.app/Trip-Planner";
			};
			name = Debug;
		};
		E91C6AB62033E2180031F701 /* Release */ = {
			isa = XCBuildConfiguration;
			baseConfigurationReference = 8B091E83011C60BEA1DFC0A9 /* Pods-Trip-PlannerTests.release.xcconfig */;
			buildSettings = {
				ALWAYS_EMBED_SWIFT_STANDARD_LIBRARIES = YES;
				BUNDLE_LOADER = "$(TEST_HOST)";
				CODE_SIGN_STYLE = Automatic;
				DEVELOPMENT_TEAM = 8U3L6K9JA6;
				INFOPLIST_FILE = "Trip-PlannerTests/Info.plist";
				LD_RUNPATH_SEARCH_PATHS = "$(inherited) @executable_path/Frameworks @loader_path/Frameworks";
				PRODUCT_BUNDLE_IDENTIFIER = "com.linniergames.Trip-PlannerTests";
				PRODUCT_NAME = "$(TARGET_NAME)";
				SWIFT_VERSION = 4.0;
				TARGETED_DEVICE_FAMILY = "1,2";
				TEST_HOST = "$(BUILT_PRODUCTS_DIR)/Trip-Planner.app/Trip-Planner";
			};
			name = Release;
		};
/* End XCBuildConfiguration section */

/* Begin XCConfigurationList section */
		E91C6A8D2033E2180031F701 /* Build configuration list for PBXProject "Trip-Planner" */ = {
			isa = XCConfigurationList;
			buildConfigurations = (
				E91C6AAF2033E2180031F701 /* Debug */,
				E91C6AB02033E2180031F701 /* Release */,
			);
			defaultConfigurationIsVisible = 0;
			defaultConfigurationName = Release;
		};
		E91C6AB12033E2180031F701 /* Build configuration list for PBXNativeTarget "Trip-Planner" */ = {
			isa = XCConfigurationList;
			buildConfigurations = (
				E91C6AB22033E2180031F701 /* Debug */,
				E91C6AB32033E2180031F701 /* Release */,
			);
			defaultConfigurationIsVisible = 0;
			defaultConfigurationName = Release;
		};
		E91C6AB42033E2180031F701 /* Build configuration list for PBXNativeTarget "Trip-PlannerTests" */ = {
			isa = XCConfigurationList;
			buildConfigurations = (
				E91C6AB52033E2180031F701 /* Debug */,
				E91C6AB62033E2180031F701 /* Release */,
			);
			defaultConfigurationIsVisible = 0;
			defaultConfigurationName = Release;
		};
/* End XCConfigurationList section */
	};
	rootObject = E91C6A8A2033E2180031F701 /* Project object */;
}
