// !$*UTF8*$!
{
	archiveVersion = 1;
	classes = {
	};
	objectVersion = 48;
	objects = {

/* Begin PBXBuildFile section */
		C26092E27F61C29ACCCAB1C0 /* Pods_Product_Hunt.framework in Frameworks */ = {isa = PBXBuildFile; fileRef = 3D0B5A08DDF7D6834066491F /* Pods_Product_Hunt.framework */; };
		E93203BF20295DA5008A7B79 /* ProductDetailsViewController.swift in Sources */ = {isa = PBXBuildFile; fileRef = E93203BE20295DA5008A7B79 /* ProductDetailsViewController.swift */; };
		E93203C1202960EE008A7B79 /* ProductCommentsTableViewController.swift in Sources */ = {isa = PBXBuildFile; fileRef = E93203C0202960EE008A7B79 /* ProductCommentsTableViewController.swift */; };
		E93203C320296E0F008A7B79 /* ProductHuntAPIEndPoints.swift in Sources */ = {isa = PBXBuildFile; fileRef = E93203C220296E0F008A7B79 /* ProductHuntAPIEndPoints.swift */; };
		E933D68F2024F70400A275E5 /* AppDelegate.swift in Sources */ = {isa = PBXBuildFile; fileRef = E933D68E2024F70400A275E5 /* AppDelegate.swift */; };
		E933D6942024F70400A275E5 /* Main.storyboard in Resources */ = {isa = PBXBuildFile; fileRef = E933D6922024F70400A275E5 /* Main.storyboard */; };
		E933D6962024F70400A275E5 /* Assets.xcassets in Resources */ = {isa = PBXBuildFile; fileRef = E933D6952024F70400A275E5 /* Assets.xcassets */; };
		E933D6992024F70400A275E5 /* LaunchScreen.storyboard in Resources */ = {isa = PBXBuildFile; fileRef = E933D6972024F70400A275E5 /* LaunchScreen.storyboard */; };
		E933D6A12024F73200A275E5 /* ProductNetworkService.swift in Sources */ = {isa = PBXBuildFile; fileRef = E933D6A02024F73200A275E5 /* ProductNetworkService.swift */; };
		E933D6A32024FF6D00A275E5 /* Product.swift in Sources */ = {isa = PBXBuildFile; fileRef = E933D6A22024FF6D00A275E5 /* Product.swift */; };
		E933D6A52025034D00A275E5 /* TodaysProductTableViewController.swift in Sources */ = {isa = PBXBuildFile; fileRef = E933D6A42025034D00A275E5 /* TodaysProductTableViewController.swift */; };
		E933D6A7202527D100A275E5 /* CustomTableViewCell.swift in Sources */ = {isa = PBXBuildFile; fileRef = E933D6A6202527D100A275E5 /* CustomTableViewCell.swift */; };
		E9EF236F20254D4A00912478 /* posts.json in Resources */ = {isa = PBXBuildFile; fileRef = E9EF236E20254D4900912478 /* posts.json */; };
/* End PBXBuildFile section */

/* Begin PBXFileReference section */
		15C09A3B5932FBEBAF229098 /* Pods-Product-Hunt.debug.xcconfig */ = {isa = PBXFileReference; includeInIndex = 1; lastKnownFileType = text.xcconfig; name = "Pods-Product-Hunt.debug.xcconfig"; path = "Pods/Target Support Files/Pods-Product-Hunt/Pods-Product-Hunt.debug.xcconfig"; sourceTree = "<group>"; };
		3D0B5A08DDF7D6834066491F /* Pods_Product_Hunt.framework */ = {isa = PBXFileReference; explicitFileType = wrapper.framework; includeInIndex = 0; path = Pods_Product_Hunt.framework; sourceTree = BUILT_PRODUCTS_DIR; };
		8524F71AC4CDBF80953A8570 /* Pods-Product-Hunt.release.xcconfig */ = {isa = PBXFileReference; includeInIndex = 1; lastKnownFileType = text.xcconfig; name = "Pods-Product-Hunt.release.xcconfig"; path = "Pods/Target Support Files/Pods-Product-Hunt/Pods-Product-Hunt.release.xcconfig"; sourceTree = "<group>"; };
		E93203BE20295DA5008A7B79 /* ProductDetailsViewController.swift */ = {isa = PBXFileReference; lastKnownFileType = sourcecode.swift; path = ProductDetailsViewController.swift; sourceTree = "<group>"; };
		E93203C0202960EE008A7B79 /* ProductCommentsTableViewController.swift */ = {isa = PBXFileReference; lastKnownFileType = sourcecode.swift; path = ProductCommentsTableViewController.swift; sourceTree = "<group>"; };
		E93203C220296E0F008A7B79 /* ProductHuntAPIEndPoints.swift */ = {isa = PBXFileReference; lastKnownFileType = sourcecode.swift; path = ProductHuntAPIEndPoints.swift; sourceTree = "<group>"; };
		E933D68B2024F70400A275E5 /* Product-Hunt.app */ = {isa = PBXFileReference; explicitFileType = wrapper.application; includeInIndex = 0; path = "Product-Hunt.app"; sourceTree = BUILT_PRODUCTS_DIR; };
		E933D68E2024F70400A275E5 /* AppDelegate.swift */ = {isa = PBXFileReference; lastKnownFileType = sourcecode.swift; path = AppDelegate.swift; sourceTree = "<group>"; };
		E933D6932024F70400A275E5 /* Base */ = {isa = PBXFileReference; lastKnownFileType = file.storyboard; name = Base; path = Base.lproj/Main.storyboard; sourceTree = "<group>"; };
		E933D6952024F70400A275E5 /* Assets.xcassets */ = {isa = PBXFileReference; lastKnownFileType = folder.assetcatalog; path = Assets.xcassets; sourceTree = "<group>"; };
		E933D6982024F70400A275E5 /* Base */ = {isa = PBXFileReference; lastKnownFileType = file.storyboard; name = Base; path = Base.lproj/LaunchScreen.storyboard; sourceTree = "<group>"; };
		E933D69A2024F70400A275E5 /* Info.plist */ = {isa = PBXFileReference; lastKnownFileType = text.plist.xml; path = Info.plist; sourceTree = "<group>"; };
		E933D6A02024F73200A275E5 /* ProductNetworkService.swift */ = {isa = PBXFileReference; lastKnownFileType = sourcecode.swift; path = ProductNetworkService.swift; sourceTree = "<group>"; };
		E933D6A22024FF6D00A275E5 /* Product.swift */ = {isa = PBXFileReference; lastKnownFileType = sourcecode.swift; path = Product.swift; sourceTree = "<group>"; };
		E933D6A42025034D00A275E5 /* TodaysProductTableViewController.swift */ = {isa = PBXFileReference; lastKnownFileType = sourcecode.swift; path = TodaysProductTableViewController.swift; sourceTree = "<group>"; };
		E933D6A6202527D100A275E5 /* CustomTableViewCell.swift */ = {isa = PBXFileReference; lastKnownFileType = sourcecode.swift; path = CustomTableViewCell.swift; sourceTree = "<group>"; };
		E9EF236E20254D4900912478 /* posts.json */ = {isa = PBXFileReference; fileEncoding = 4; lastKnownFileType = text.json; path = posts.json; sourceTree = "<group>"; };
/* End PBXFileReference section */

/* Begin PBXFrameworksBuildPhase section */
		E933D6882024F70400A275E5 /* Frameworks */ = {
			isa = PBXFrameworksBuildPhase;
			buildActionMask = 2147483647;
			files = (
				C26092E27F61C29ACCCAB1C0 /* Pods_Product_Hunt.framework in Frameworks */,
			);
			runOnlyForDeploymentPostprocessing = 0;
		};
/* End PBXFrameworksBuildPhase section */

/* Begin PBXGroup section */
		320F1A3AA237B966C1676334 /* Pods */ = {
			isa = PBXGroup;
			children = (
				15C09A3B5932FBEBAF229098 /* Pods-Product-Hunt.debug.xcconfig */,
				8524F71AC4CDBF80953A8570 /* Pods-Product-Hunt.release.xcconfig */,
			);
			name = Pods;
			sourceTree = "<group>";
		};
		4D50CB5E031F65FB7C434855 /* Frameworks */ = {
			isa = PBXGroup;
			children = (
				3D0B5A08DDF7D6834066491F /* Pods_Product_Hunt.framework */,
			);
			name = Frameworks;
			sourceTree = "<group>";
		};
		E93203BC20295D6A008A7B79 /* Models */ = {
			isa = PBXGroup;
			children = (
				E933D6A22024FF6D00A275E5 /* Product.swift */,
				E93203C220296E0F008A7B79 /* ProductHuntAPIEndPoints.swift */,
				E933D6A02024F73200A275E5 /* ProductNetworkService.swift */,
			);
			name = Models;
			sourceTree = "<group>";
		};
		E93203BD20295D74008A7B79 /* Supporting Files */ = {
			isa = PBXGroup;
			children = (
				E933D6922024F70400A275E5 /* Main.storyboard */,
				E933D6952024F70400A275E5 /* Assets.xcassets */,
				E9EF236E20254D4900912478 /* posts.json */,
				E933D6972024F70400A275E5 /* LaunchScreen.storyboard */,
				E933D69A2024F70400A275E5 /* Info.plist */,
			);
			name = "Supporting Files";
			sourceTree = "<group>";
		};
		E933D6822024F70400A275E5 = {
			isa = PBXGroup;
			children = (
				E933D68D2024F70400A275E5 /* Product-Hunt */,
				E933D68C2024F70400A275E5 /* Products */,
				320F1A3AA237B966C1676334 /* Pods */,
				4D50CB5E031F65FB7C434855 /* Frameworks */,
			);
			sourceTree = "<group>";
		};
		E933D68C2024F70400A275E5 /* Products */ = {
			isa = PBXGroup;
			children = (
				E933D68B2024F70400A275E5 /* Product-Hunt.app */,
			);
			name = Products;
			sourceTree = "<group>";
		};
		E933D68D2024F70400A275E5 /* Product-Hunt */ = {
			isa = PBXGroup;
			children = (
				E933D68E2024F70400A275E5 /* AppDelegate.swift */,
				E933D6A42025034D00A275E5 /* TodaysProductTableViewController.swift */,
				E93203BE20295DA5008A7B79 /* ProductDetailsViewController.swift */,
				E93203C0202960EE008A7B79 /* ProductCommentsTableViewController.swift */,
				E93203BC20295D6A008A7B79 /* Models */,
				E933D6A6202527D100A275E5 /* CustomTableViewCell.swift */,
				E93203BD20295D74008A7B79 /* Supporting Files */,
			);
			path = "Product-Hunt";
			sourceTree = "<group>";
		};
/* End PBXGroup section */

/* Begin PBXNativeTarget section */
		E933D68A2024F70400A275E5 /* Product-Hunt */ = {
			isa = PBXNativeTarget;
			buildConfigurationList = E933D69D2024F70400A275E5 /* Build configuration list for PBXNativeTarget "Product-Hunt" */;
			buildPhases = (
				DD451BBE4E6AC6EEFF5AF677 /* [CP] Check Pods Manifest.lock */,
				E933D6872024F70400A275E5 /* Sources */,
				E933D6882024F70400A275E5 /* Frameworks */,
				E933D6892024F70400A275E5 /* Resources */,
				9D47567EDBD5A764AD26618C /* [CP] Embed Pods Frameworks */,
				0D5EC82C25D848CF9113E24D /* [CP] Copy Pods Resources */,
			);
			buildRules = (
			);
			dependencies = (
			);
			name = "Product-Hunt";
			productName = "Product-Hunt";
			productReference = E933D68B2024F70400A275E5 /* Product-Hunt.app */;
			productType = "com.apple.product-type.application";
		};
/* End PBXNativeTarget section */

/* Begin PBXProject section */
		E933D6832024F70400A275E5 /* Project object */ = {
			isa = PBXProject;
			attributes = {
				LastSwiftUpdateCheck = 0920;
				LastUpgradeCheck = 0920;
				ORGANIZATIONNAME = LinnierGames;
				TargetAttributes = {
					E933D68A2024F70400A275E5 = {
						CreatedOnToolsVersion = 9.2;
						ProvisioningStyle = Automatic;
					};
				};
			};
			buildConfigurationList = E933D6862024F70400A275E5 /* Build configuration list for PBXProject "Product-Hunt" */;
			compatibilityVersion = "Xcode 8.0";
			developmentRegion = en;
			hasScannedForEncodings = 0;
			knownRegions = (
				en,
				Base,
			);
			mainGroup = E933D6822024F70400A275E5;
			productRefGroup = E933D68C2024F70400A275E5 /* Products */;
			projectDirPath = "";
			projectRoot = "";
			targets = (
				E933D68A2024F70400A275E5 /* Product-Hunt */,
			);
		};
/* End PBXProject section */

/* Begin PBXResourcesBuildPhase section */
		E933D6892024F70400A275E5 /* Resources */ = {
			isa = PBXResourcesBuildPhase;
			buildActionMask = 2147483647;
			files = (
				E933D6992024F70400A275E5 /* LaunchScreen.storyboard in Resources */,
				E933D6962024F70400A275E5 /* Assets.xcassets in Resources */,
				E933D6942024F70400A275E5 /* Main.storyboard in Resources */,
				E9EF236F20254D4A00912478 /* posts.json in Resources */,
			);
			runOnlyForDeploymentPostprocessing = 0;
		};
/* End PBXResourcesBuildPhase section */

/* Begin PBXShellScriptBuildPhase section */
		0D5EC82C25D848CF9113E24D /* [CP] Copy Pods Resources */ = {
			isa = PBXShellScriptBuildPhase;
			buildActionMask = 2147483647;
			files = (
			);
			inputPaths = (
			);
			name = "[CP] Copy Pods Resources";
			outputPaths = (
			);
			runOnlyForDeploymentPostprocessing = 0;
			shellPath = /bin/sh;
			shellScript = "\"${SRCROOT}/Pods/Target Support Files/Pods-Product-Hunt/Pods-Product-Hunt-resources.sh\"\n";
			showEnvVarsInLog = 0;
		};
		9D47567EDBD5A764AD26618C /* [CP] Embed Pods Frameworks */ = {
			isa = PBXShellScriptBuildPhase;
			buildActionMask = 2147483647;
			files = (
			);
			inputPaths = (
				"${SRCROOT}/Pods/Target Support Files/Pods-Product-Hunt/Pods-Product-Hunt-frameworks.sh",
				"${BUILT_PRODUCTS_DIR}/Alamofire/Alamofire.framework",
				"${BUILT_PRODUCTS_DIR}/Kingfisher/Kingfisher.framework",
				"${BUILT_PRODUCTS_DIR}/Moya/Moya.framework",
				"${BUILT_PRODUCTS_DIR}/Result/Result.framework",
			);
			name = "[CP] Embed Pods Frameworks";
			outputPaths = (
				"${TARGET_BUILD_DIR}/${FRAMEWORKS_FOLDER_PATH}/Alamofire.framework",
				"${TARGET_BUILD_DIR}/${FRAMEWORKS_FOLDER_PATH}/Kingfisher.framework",
				"${TARGET_BUILD_DIR}/${FRAMEWORKS_FOLDER_PATH}/Moya.framework",
				"${TARGET_BUILD_DIR}/${FRAMEWORKS_FOLDER_PATH}/Result.framework",
			);
			runOnlyForDeploymentPostprocessing = 0;
			shellPath = /bin/sh;
			shellScript = "\"${SRCROOT}/Pods/Target Support Files/Pods-Product-Hunt/Pods-Product-Hunt-frameworks.sh\"\n";
			showEnvVarsInLog = 0;
		};
		DD451BBE4E6AC6EEFF5AF677 /* [CP] Check Pods Manifest.lock */ = {
			isa = PBXShellScriptBuildPhase;
			buildActionMask = 2147483647;
			files = (
			);
			inputPaths = (
				"${PODS_PODFILE_DIR_PATH}/Podfile.lock",
				"${PODS_ROOT}/Manifest.lock",
			);
			name = "[CP] Check Pods Manifest.lock";
			outputPaths = (
				"$(DERIVED_FILE_DIR)/Pods-Product-Hunt-checkManifestLockResult.txt",
			);
			runOnlyForDeploymentPostprocessing = 0;
			shellPath = /bin/sh;
			shellScript = "diff \"${PODS_PODFILE_DIR_PATH}/Podfile.lock\" \"${PODS_ROOT}/Manifest.lock\" > /dev/null\nif [ $? != 0 ] ; then\n    # print error to STDERR\n    echo \"error: The sandbox is not in sync with the Podfile.lock. Run 'pod install' or update your CocoaPods installation.\" >&2\n    exit 1\nfi\n# This output is used by Xcode 'outputs' to avoid re-running this script phase.\necho \"SUCCESS\" > \"${SCRIPT_OUTPUT_FILE_0}\"\n";
			showEnvVarsInLog = 0;
		};
/* End PBXShellScriptBuildPhase section */

/* Begin PBXSourcesBuildPhase section */
		E933D6872024F70400A275E5 /* Sources */ = {
			isa = PBXSourcesBuildPhase;
			buildActionMask = 2147483647;
			files = (
				E93203C1202960EE008A7B79 /* ProductCommentsTableViewController.swift in Sources */,
				E933D6A32024FF6D00A275E5 /* Product.swift in Sources */,
				E933D6A7202527D100A275E5 /* CustomTableViewCell.swift in Sources */,
				E933D6A52025034D00A275E5 /* TodaysProductTableViewController.swift in Sources */,
				E93203BF20295DA5008A7B79 /* ProductDetailsViewController.swift in Sources */,
				E933D68F2024F70400A275E5 /* AppDelegate.swift in Sources */,
				E93203C320296E0F008A7B79 /* ProductHuntAPIEndPoints.swift in Sources */,
				E933D6A12024F73200A275E5 /* ProductNetworkService.swift in Sources */,
			);
			runOnlyForDeploymentPostprocessing = 0;
		};
/* End PBXSourcesBuildPhase section */

/* Begin PBXVariantGroup section */
		E933D6922024F70400A275E5 /* Main.storyboard */ = {
			isa = PBXVariantGroup;
			children = (
				E933D6932024F70400A275E5 /* Base */,
			);
			name = Main.storyboard;
			sourceTree = "<group>";
		};
		E933D6972024F70400A275E5 /* LaunchScreen.storyboard */ = {
			isa = PBXVariantGroup;
			children = (
				E933D6982024F70400A275E5 /* Base */,
			);
			name = LaunchScreen.storyboard;
			sourceTree = "<group>";
		};
/* End PBXVariantGroup section */

/* Begin XCBuildConfiguration section */
		E933D69B2024F70400A275E5 /* Debug */ = {
			isa = XCBuildConfiguration;
			buildSettings = {
				ALWAYS_SEARCH_USER_PATHS = NO;
				CLANG_ANALYZER_NONNULL = YES;
				CLANG_ANALYZER_NUMBER_OBJECT_CONVERSION = YES_AGGRESSIVE;
				CLANG_CXX_LANGUAGE_STANDARD = "gnu++14";
				CLANG_CXX_LIBRARY = "libc++";
				CLANG_ENABLE_MODULES = YES;
				CLANG_ENABLE_OBJC_ARC = YES;
				CLANG_WARN_BLOCK_CAPTURE_AUTORELEASING = YES;
				CLANG_WARN_BOOL_CONVERSION = YES;
				CLANG_WARN_COMMA = YES;
				CLANG_WARN_CONSTANT_CONVERSION = YES;
				CLANG_WARN_DIRECT_OBJC_ISA_USAGE = YES_ERROR;
				CLANG_WARN_DOCUMENTATION_COMMENTS = YES;
				CLANG_WARN_EMPTY_BODY = YES;
				CLANG_WARN_ENUM_CONVERSION = YES;
				CLANG_WARN_INFINITE_RECURSION = YES;
				CLANG_WARN_INT_CONVERSION = YES;
				CLANG_WARN_NON_LITERAL_NULL_CONVERSION = YES;
				CLANG_WARN_OBJC_LITERAL_CONVERSION = YES;
				CLANG_WARN_OBJC_ROOT_CLASS = YES_ERROR;
				CLANG_WARN_RANGE_LOOP_ANALYSIS = YES;
				CLANG_WARN_STRICT_PROTOTYPES = YES;
				CLANG_WARN_SUSPICIOUS_MOVE = YES;
				CLANG_WARN_UNGUARDED_AVAILABILITY = YES_AGGRESSIVE;
				CLANG_WARN_UNREACHABLE_CODE = YES;
				CLANG_WARN__DUPLICATE_METHOD_MATCH = YES;
				CODE_SIGN_IDENTITY = "iPhone Developer";
				COPY_PHASE_STRIP = NO;
				DEBUG_INFORMATION_FORMAT = dwarf;
				ENABLE_STRICT_OBJC_MSGSEND = YES;
				ENABLE_TESTABILITY = YES;
				GCC_C_LANGUAGE_STANDARD = gnu11;
				GCC_DYNAMIC_NO_PIC = NO;
				GCC_NO_COMMON_BLOCKS = YES;
				GCC_OPTIMIZATION_LEVEL = 0;
				GCC_PREPROCESSOR_DEFINITIONS = (
					"DEBUG=1",
					"$(inherited)",
				);
				GCC_WARN_64_TO_32_BIT_CONVERSION = YES;
				GCC_WARN_ABOUT_RETURN_TYPE = YES_ERROR;
				GCC_WARN_UNDECLARED_SELECTOR = YES;
				GCC_WARN_UNINITIALIZED_AUTOS = YES_AGGRESSIVE;
				GCC_WARN_UNUSED_FUNCTION = YES;
				GCC_WARN_UNUSED_VARIABLE = YES;
				IPHONEOS_DEPLOYMENT_TARGET = 11.2;
				MTL_ENABLE_DEBUG_INFO = YES;
				ONLY_ACTIVE_ARCH = YES;
				SDKROOT = iphoneos;
				SWIFT_ACTIVE_COMPILATION_CONDITIONS = DEBUG;
				SWIFT_OPTIMIZATION_LEVEL = "-Onone";
			};
			name = Debug;
		};
		E933D69C2024F70400A275E5 /* Release */ = {
			isa = XCBuildConfiguration;
			buildSettings = {
				ALWAYS_SEARCH_USER_PATHS = NO;
				CLANG_ANALYZER_NONNULL = YES;
				CLANG_ANALYZER_NUMBER_OBJECT_CONVERSION = YES_AGGRESSIVE;
				CLANG_CXX_LANGUAGE_STANDARD = "gnu++14";
				CLANG_CXX_LIBRARY = "libc++";
				CLANG_ENABLE_MODULES = YES;
				CLANG_ENABLE_OBJC_ARC = YES;
				CLANG_WARN_BLOCK_CAPTURE_AUTORELEASING = YES;
				CLANG_WARN_BOOL_CONVERSION = YES;
				CLANG_WARN_COMMA = YES;
				CLANG_WARN_CONSTANT_CONVERSION = YES;
				CLANG_WARN_DIRECT_OBJC_ISA_USAGE = YES_ERROR;
				CLANG_WARN_DOCUMENTATION_COMMENTS = YES;
				CLANG_WARN_EMPTY_BODY = YES;
				CLANG_WARN_ENUM_CONVERSION = YES;
				CLANG_WARN_INFINITE_RECURSION = YES;
				CLANG_WARN_INT_CONVERSION = YES;
				CLANG_WARN_NON_LITERAL_NULL_CONVERSION = YES;
				CLANG_WARN_OBJC_LITERAL_CONVERSION = YES;
				CLANG_WARN_OBJC_ROOT_CLASS = YES_ERROR;
				CLANG_WARN_RANGE_LOOP_ANALYSIS = YES;
				CLANG_WARN_STRICT_PROTOTYPES = YES;
				CLANG_WARN_SUSPICIOUS_MOVE = YES;
				CLANG_WARN_UNGUARDED_AVAILABILITY = YES_AGGRESSIVE;
				CLANG_WARN_UNREACHABLE_CODE = YES;
				CLANG_WARN__DUPLICATE_METHOD_MATCH = YES;
				CODE_SIGN_IDENTITY = "iPhone Developer";
				COPY_PHASE_STRIP = NO;
				DEBUG_INFORMATION_FORMAT = "dwarf-with-dsym";
				ENABLE_NS_ASSERTIONS = NO;
				ENABLE_STRICT_OBJC_MSGSEND = YES;
				GCC_C_LANGUAGE_STANDARD = gnu11;
				GCC_NO_COMMON_BLOCKS = YES;
				GCC_WARN_64_TO_32_BIT_CONVERSION = YES;
				GCC_WARN_ABOUT_RETURN_TYPE = YES_ERROR;
				GCC_WARN_UNDECLARED_SELECTOR = YES;
				GCC_WARN_UNINITIALIZED_AUTOS = YES_AGGRESSIVE;
				GCC_WARN_UNUSED_FUNCTION = YES;
				GCC_WARN_UNUSED_VARIABLE = YES;
				IPHONEOS_DEPLOYMENT_TARGET = 11.2;
				MTL_ENABLE_DEBUG_INFO = NO;
				SDKROOT = iphoneos;
				SWIFT_OPTIMIZATION_LEVEL = "-Owholemodule";
				VALIDATE_PRODUCT = YES;
			};
			name = Release;
		};
		E933D69E2024F70400A275E5 /* Debug */ = {
			isa = XCBuildConfiguration;
			baseConfigurationReference = 15C09A3B5932FBEBAF229098 /* Pods-Product-Hunt.debug.xcconfig */;
			buildSettings = {
				ASSETCATALOG_COMPILER_APPICON_NAME = AppIcon;
				CODE_SIGN_STYLE = Automatic;
				DEVELOPMENT_TEAM = 8U3L6K9JA6;
				INFOPLIST_FILE = "Product-Hunt/Info.plist";
				LD_RUNPATH_SEARCH_PATHS = "$(inherited) @executable_path/Frameworks";
				PRODUCT_BUNDLE_IDENTIFIER = "com.linniergames.Product-Hunt";
				PRODUCT_NAME = "$(TARGET_NAME)";
				SWIFT_VERSION = 4.0;
				TARGETED_DEVICE_FAMILY = "1,2";
			};
			name = Debug;
		};
		E933D69F2024F70400A275E5 /* Release */ = {
			isa = XCBuildConfiguration;
			baseConfigurationReference = 8524F71AC4CDBF80953A8570 /* Pods-Product-Hunt.release.xcconfig */;
			buildSettings = {
				ASSETCATALOG_COMPILER_APPICON_NAME = AppIcon;
				CODE_SIGN_STYLE = Automatic;
				DEVELOPMENT_TEAM = 8U3L6K9JA6;
				INFOPLIST_FILE = "Product-Hunt/Info.plist";
				LD_RUNPATH_SEARCH_PATHS = "$(inherited) @executable_path/Frameworks";
				PRODUCT_BUNDLE_IDENTIFIER = "com.linniergames.Product-Hunt";
				PRODUCT_NAME = "$(TARGET_NAME)";
				SWIFT_VERSION = 4.0;
				TARGETED_DEVICE_FAMILY = "1,2";
			};
			name = Release;
		};
/* End XCBuildConfiguration section */

/* Begin XCConfigurationList section */
		E933D6862024F70400A275E5 /* Build configuration list for PBXProject "Product-Hunt" */ = {
			isa = XCConfigurationList;
			buildConfigurations = (
				E933D69B2024F70400A275E5 /* Debug */,
				E933D69C2024F70400A275E5 /* Release */,
			);
			defaultConfigurationIsVisible = 0;
			defaultConfigurationName = Release;
		};
		E933D69D2024F70400A275E5 /* Build configuration list for PBXNativeTarget "Product-Hunt" */ = {
			isa = XCConfigurationList;
			buildConfigurations = (
				E933D69E2024F70400A275E5 /* Debug */,
				E933D69F2024F70400A275E5 /* Release */,
			);
			defaultConfigurationIsVisible = 0;
			defaultConfigurationName = Release;
		};
/* End XCConfigurationList section */
	};
	rootObject = E933D6832024F70400A275E5 /* Project object */;
}
